
Microsoft Visual Studio Solution File, Format Version 12.00
# Visual Studio Version 16
VisualStudioVersion = 16.0.31729.503
MinimumVisualStudioVersion = 10.0.40219.1
Project("{F184B08F-C81C-45F6-A57F-5ABD9991F28F}") = "Smart Shopee", "Smart Shopee\Smart Shopee.vbproj", "{6B1C2EAB-ECCF-439E-BC50-7CC8833E1C0E}"
EndProject
Global
	GlobalSection(SolutionConfigurationPlatforms) = preSolution
		Debug|Any CPU = Debug|Any CPU
		Release|Any CPU = Release|Any CPU
	EndGlobalSection
	GlobalSection(ProjectConfigurationPlatforms) = postSolution
		{6B1C2EAB-ECCF-439E-BC50-7CC8833E1C0E}.Debug|Any CPU.ActiveCfg = Debug|Any CPU
		{6B1C2EAB-ECCF-439E-BC50-7CC8833E1C0E}.Debug|Any CPU.Build.0 = Debug|Any CPU
		{6B1C2EAB-ECCF-439E-BC50-7CC8833E1C0E}.Release|Any CPU.ActiveCfg = Release|Any CPU
		{6B1C2EAB-ECCF-439E-BC50-7CC8833E1C0E}.Release|Any CPU.Build.0 = Release|Any CPU
	EndGlobalSection
	GlobalSection(SolutionProperties) = preSolution
		HideSolutionNode = FALSE
	EndGlobalSection
	GlobalSection(ExtensibilityGlobals) = postSolution
		SolutionGuid = {E26B39D0-8FA7-4E1A-93C0-DD090196BFD7}
	EndGlobalSection
EndGlobal
